<?xml version="1.0" encoding="utf-8"?>
<Project ToolsVersion="4.0" xmlns="http://schemas.microsoft.com/developer/msbuild/2003">
  <ItemGroup>
    <Filter Include="Source Files">
      <UniqueIdentifier>{4FC737F1-C7A5-4376-A066-2A32D752A2FF}</UniqueIdentifier>
      <Extensions>cpp;c;cc;cxx;def;odl;idl;hpj;bat;asm;asmx</Extensions>
    </Filter>
    <Filter Include="Header Files">
      <UniqueIdentifier>{93995380-89BD-4b04-88EB-625FBE52EBFB}</UniqueIdentifier>
      <Extensions>h;hh;hpp;hxx;hm;inl;inc;ipp;xsd</Extensions>
    </Filter>
    <Filter Include="Resource Files">
      <UniqueIdentifier>{67DA6AB6-F800-4c08-8B7A-83BB121AAD01}</UniqueIdentifier>
      <Extensions>rc;ico;cur;bmp;dlg;rc2;rct;bin;rgs;gif;jpg;jpeg;jpe;resx;tiff;tif;png;wav;mfcribbon-ms</Extensions>
    </Filter>
    <Filter Include="Source Files\Core">
      <UniqueIdentifier>{e8c17227-aa38-45bf-a920-0fc8bf7a6a90}</UniqueIdentifier>
    </Filter>
    <Filter Include="Header Files\Core">
      <UniqueIdentifier>{dfc8ede9-f8f8-4432-8a1b-56d53fa2ae64}</UniqueIdentifier>
    </Filter>
    <Filter Include="Header Files\Core\SceneData">
      <UniqueIdentifier>{07e2739c-79bd-43da-b694-f211c34bd5d2}</UniqueIdentifier>
    </Filter>
    <Filter Include="Header Files\GUI">
      <UniqueIdentifier>{6601ec84-5b0f-4a42-a87b-275afdb80db2}</UniqueIdentifier>
    </Filter>
    <Filter Include="Source Files\GUI">
      <UniqueIdentifier>{0cc2f33f-ff24-4876-af33-851fd6a49062}</UniqueIdentifier>
    </Filter>
    <Filter Include="Resource Files\objects">
      <UniqueIdentifier>{5e81d69b-3362-49d7-adba-349cd80898e7}</UniqueIdentifier>
    </Filter>
    <Filter Include="Resource Files\models">
      <UniqueIdentifier>{b338478f-323d-4f5e-af28-547e1b0c976b}</UniqueIdentifier>
    </Filter>
    <Filter Include="Resource Files\shaders">
      <UniqueIdentifier>{af737ead-78b3-4fc5-96b7-facacf87e1f8}</UniqueIdentifier>
    </Filter>
    <Filter Include="Source Files\ImGUI">
      <UniqueIdentifier>{ea708b1f-cf41-4d48-8e3e-299db31684b7}</UniqueIdentifier>
    </Filter>
    <Filter Include="Header Files\ImGUI">
      <UniqueIdentifier>{295a761c-0fed-4bbc-993a-c56e3330457a}</UniqueIdentifier>
    </Filter>
    <Filter Include="Header Files\Core\ModelLoading">
      <UniqueIdentifier>{8b3e9302-47a3-49cb-a8fa-855737f49986}</UniqueIdentifier>
    </Filter>
    <Filter Include="Source Files\Core\ModelLoading">
      <UniqueIdentifier>{d2d42bf0-c96e-4695-8e9d-33e37b2bf0ff}</UniqueIdentifier>
    </Filter>
    <Filter Include="Header Files\Core\Math">
      <UniqueIdentifier>{6b6ce62f-3336-4047-b22a-8bc3fe469245}</UniqueIdentifier>
    </Filter>
    <Filter Include="Source Files\Core\Math">
      <UniqueIdentifier>{348e3133-3060-474c-baaa-3554bbad2328}</UniqueIdentifier>
    </Filter>
  </ItemGroup>
  <ItemGroup>
    <ClCompile Include="main.cpp">
      <Filter>Source Files</Filter>
    </ClCompile>
    <ClCompile Include="DeviceSelection.cpp">
      <Filter>Source Files\Core</Filter>
    </ClCompile>
    <ClCompile Include="Engine.cpp">
      <Filter>Source Files\Core</Filter>
    </ClCompile>
    <ClCompile Include="Scene.cpp">
      <Filter>Source Files\Core</Filter>
    </ClCompile>
    <ClCompile Include="DemoApplication.cpp">
      <Filter>Source Files</Filter>
    </ClCompile>
    <ClCompile Include="OptionsWindow.cpp">
      <Filter>Source Files\GUI</Filter>
    </ClCompile>
    <ClCompile Include="Source\ImGUI\imgui.cpp">
      <Filter>Source Files\ImGUI</Filter>
    </ClCompile>
    <ClCompile Include="Source\ImGUI\imgui_demo.cpp">
      <Filter>Source Files\ImGUI</Filter>
    </ClCompile>
    <ClCompile Include="Source\ImGUI\imgui_draw.cpp">
      <Filter>Source Files\ImGUI</Filter>
    </ClCompile>
    <ClCompile Include="Source\ImGUI\imgui_impl_glfw.cpp">
      <Filter>Source Files\ImGUI</Filter>
    </ClCompile>
    <ClCompile Include="Source\ImGUI\imgui_impl_vulkan.cpp">
      <Filter>Source Files\ImGUI</Filter>
    </ClCompile>
    <ClCompile Include="Source\ImGUI\imgui_impl_win32.cpp">
      <Filter>Source Files\ImGUI</Filter>
    </ClCompile>
    <ClCompile Include="Source\ImGUI\imgui_widgets.cpp">
      <Filter>Source Files\ImGUI</Filter>
    </ClCompile>
    <ClCompile Include="UniversalObjectStorage.cpp">
      <Filter>Source Files\Core\ModelLoading</Filter>
    </ClCompile>
    <ClCompile Include="WavefrontFileLoader.cpp">
      <Filter>Source Files\Core\ModelLoading</Filter>
    </ClCompile>
    <ClCompile Include="ProceduralLoader.cpp">
      <Filter>Source Files\Core\ModelLoading</Filter>
    </ClCompile>
    <ClCompile Include="MatrixMath.cpp">
      <Filter>Source Files\Core\Math</Filter>
    </ClCompile>
  </ItemGroup>
  <ItemGroup>
    <ClInclude Include="DebugTools.h">
      <Filter>Header Files</Filter>
    </ClInclude>
    <ClInclude Include="DeviceSelection.h">
      <Filter>Header Files\Core</Filter>
    </ClInclude>
    <ClInclude Include="Engine.h">
      <Filter>Header Files\Core</Filter>
    </ClInclude>
    <ClInclude Include="Scene.h">
      <Filter>Header Files\Core</Filter>
    </ClInclude>
    <ClInclude Include="DemoApplication.h">
      <Filter>Header Files</Filter>
    </ClInclude>
    <ClInclude Include="ModelData.h">
      <Filter>Header Files\Core\SceneData</Filter>
    </ClInclude>
    <ClInclude Include="UBOs.h">
      <Filter>Header Files\Core\SceneData</Filter>
    </ClInclude>
    <ClInclude Include="OptionsWindow.h">
      <Filter>Header Files\GUI</Filter>
    </ClInclude>
    <ClInclude Include="Source\ImGUI\imconfig.h">
      <Filter>Header Files\ImGUI</Filter>
    </ClInclude>
    <ClInclude Include="Source\ImGUI\imgui.h">
      <Filter>Header Files\ImGUI</Filter>
    </ClInclude>
    <ClInclude Include="Source\ImGUI\imgui_impl_glfw.h">
      <Filter>Header Files\ImGUI</Filter>
    </ClInclude>
    <ClInclude Include="Source\ImGUI\imgui_impl_vulkan.h">
      <Filter>Header Files\ImGUI</Filter>
    </ClInclude>
    <ClInclude Include="Source\ImGUI\imgui_impl_win32.h">
      <Filter>Header Files\ImGUI</Filter>
    </ClInclude>
    <ClInclude Include="Source\ImGUI\imgui_internal.h">
      <Filter>Header Files\ImGUI</Filter>
    </ClInclude>
    <ClInclude Include="Source\ImGUI\imstb_rectpack.h">
      <Filter>Header Files\ImGUI</Filter>
    </ClInclude>
    <ClInclude Include="Source\ImGUI\imstb_textedit.h">
      <Filter>Header Files\ImGUI</Filter>
    </ClInclude>
    <ClInclude Include="Source\ImGUI\imstb_truetype.h">
      <Filter>Header Files\ImGUI</Filter>
    </ClInclude>
    <ClInclude Include="UniversalObjectStorage.h">
      <Filter>Header Files\Core\ModelLoading</Filter>
    </ClInclude>
    <ClInclude Include="WavefrontFileLoader.h">
      <Filter>Header Files\Core\ModelLoading</Filter>
    </ClInclude>
    <ClInclude Include="ProceduralLoader.h">
      <Filter>Header Files\Core\ModelLoading</Filter>
    </ClInclude>
    <ClInclude Include="MatrixMath.h">
      <Filter>Header Files\Core\Math</Filter>
    </ClInclude>
  </ItemGroup>
  <ItemGroup>
    <None Include="Resource\shaders\Fshader.frag">
      <Filter>Resource Files\shaders</Filter>
    </None>
    <None Include="Resource\shaders\Vshader.vert">
      <Filter>Resource Files\shaders</Filter>
    </None>
    <None Include="Resource\shaders\Gshader.geom">
      <Filter>Resource Files\shaders</Filter>
    </None>
  </ItemGroup>
</Project>